
Microsoft Visual Studio Solution File, Format Version 12.00
# Visual Studio Version 16
VisualStudioVersion = 16.0.33920.266
MinimumVisualStudioVersion = 10.0.40219.1
Project("{8BC9CEB8-8B4A-11D0-8D11-00A0C91BC942}") = "RemoteCtrlClient", "RemoteCtrlClient\RemoteCtrlClient.vcxproj", "{61E0D7DF-F157-4E53-A47C-60997407E74D}"
EndProject
Project("{8BC9CEB8-8B4A-11D0-8D11-00A0C91BC942}") = "RemoteCtrl", "RemoteCtrl\RemoteCtrl.vcxproj", "{2DDBE920-5877-4728-B8D4-759EC2E98627}"
EndProject
Project("{2150E333-8FDC-42A3-9474-1A3956D46DE8}") = "Solution Items", "Solution Items", "{D6456A3B-BF63-4F37-BAF2-A9E9CB12A7EB}"
	ProjectSection(SolutionItems) = preProject
		..\README.md = ..\README.md
		..\远控功能.xmind = ..\远控功能.xmind
		..\项目流程图.eddx = ..\项目流程图.eddx
	EndProjectSection
EndProject
Global
	GlobalSection(SolutionConfigurationPlatforms) = preSolution
		Debug|x64 = Debug|x64
		Debug|x86 = Debug|x86
		Release|x64 = Release|x64
		Release|x86 = Release|x86
	EndGlobalSection
	GlobalSection(ProjectConfigurationPlatforms) = postSolution
		{61E0D7DF-F157-4E53-A47C-60997407E74D}.Debug|x64.ActiveCfg = Debug|x64
		{61E0D7DF-F157-4E53-A47C-60997407E74D}.Debug|x64.Build.0 = Debug|x64
		{61E0D7DF-F157-4E53-A47C-60997407E74D}.Debug|x86.ActiveCfg = Debug|Win32
		{61E0D7DF-F157-4E53-A47C-60997407E74D}.Debug|x86.Build.0 = Debug|Win32
		{61E0D7DF-F157-4E53-A47C-60997407E74D}.Release|x64.ActiveCfg = Release|x64
		{61E0D7DF-F157-4E53-A47C-60997407E74D}.Release|x64.Build.0 = Release|x64
		{61E0D7DF-F157-4E53-A47C-60997407E74D}.Release|x86.ActiveCfg = Release|Win32
		{61E0D7DF-F157-4E53-A47C-60997407E74D}.Release|x86.Build.0 = Release|Win32
		{2DDBE920-5877-4728-B8D4-759EC2E98627}.Debug|x64.ActiveCfg = Debug|x64
		{2DDBE920-5877-4728-B8D4-759EC2E98627}.Debug|x64.Build.0 = Debug|x64
		{2DDBE920-5877-4728-B8D4-759EC2E98627}.Debug|x86.ActiveCfg = Debug|Win32
		{2DDBE920-5877-4728-B8D4-759EC2E98627}.Debug|x86.Build.0 = Debug|Win32
		{2DDBE920-5877-4728-B8D4-759EC2E98627}.Release|x64.ActiveCfg = Release|x64
		{2DDBE920-5877-4728-B8D4-759EC2E98627}.Release|x64.Build.0 = Release|x64
		{2DDBE920-5877-4728-B8D4-759EC2E98627}.Release|x86.ActiveCfg = Release|Win32
		{2DDBE920-5877-4728-B8D4-759EC2E98627}.Release|x86.Build.0 = Release|Win32
	EndGlobalSection
	GlobalSection(SolutionProperties) = preSolution
		HideSolutionNode = FALSE
	EndGlobalSection
	GlobalSection(ExtensibilityGlobals) = postSolution
		SolutionGuid = {828BE66E-3DD9-4847-893E-75C4D48C03B0}
	EndGlobalSection
EndGlobal
